
Microsoft Visual Studio Solution File, Format Version 10.00
# Visual C# Express 2008
Project("{FAE04EC0-301F-11D3-BF4B-00C04F79EFBC}") = "CowKiller", "CowKiller\CowKiller.csproj", "{278C55B9-CF65-4AC8-98AD-7AC895BAA08D}"
EndProject
Global
	GlobalSection(SolutionConfigurationPlatforms) = preSolution
		Debug|Any CPU = Debug|Any CPU
		Release|Any CPU = Release|Any CPU
	EndGlobalSection
	GlobalSection(ProjectConfigurationPlatforms) = postSolution
		{278C55B9-CF65-4AC8-98AD-7AC895BAA08D}.Debug|Any CPU.ActiveCfg = Debug|Any CPU
		{278C55B9-CF65-4AC8-98AD-7AC895BAA08D}.Debug|Any CPU.Build.0 = Debug|Any CPU
		{278C55B9-CF65-4AC8-98AD-7AC895BAA08D}.Release|Any CPU.ActiveCfg = Release|Any CPU
		{278C55B9-CF65-4AC8-98AD-7AC895BAA08D}.Release|Any CPU.Build.0 = Release|Any CPU
	EndGlobalSection
	GlobalSection(SolutionProperties) = preSolution
		HideSolutionNode = FALSE
	EndGlobalSection
EndGlobal
